# THIS IS AN AUTOGENERATED FILE. DO NOT EDIT THIS FILE DIRECTLY.
# yarn lockfile v1


"@most/disposable@1.0.0-beta.1":
  version "1.0.0-beta.1"
  resolved "https://registry.yarnpkg.com/@most/disposable/-/disposable-1.0.0-beta.1.tgz#15896fcba145b47e3e8e481e6e58828343dab258"
  dependencies:
    "@most/prelude" "^1.6.4"
    "@most/types" "^1.0.0-beta.1"

"@most/prelude@^1.6.4":
  version "1.6.4"
  resolved "https://registry.yarnpkg.com/@most/prelude/-/prelude-1.6.4.tgz#254ab6e22c0d4e7cb19e6ec1c966b75f57317f25"

"@most/types@1.0.1":
  version "1.0.1"
  resolved "https://registry.yarnpkg.com/@most/types/-/types-1.0.1.tgz#8691580d1f3bf569b91d48f6688be9ad26dfc86c"

"@most/types@^1.0.0-beta.1":
  version "1.0.0-beta.1"
  resolved "https://registry.yarnpkg.com/@most/types/-/types-1.0.0-beta.1.tgz#db2f85cb4aa1c6a3ec1a4b2d868dc6e522c2ed11"
