# THIS IS AN AUTOGENERATED FILE. DO NOT EDIT THIS FILE DIRECTLY.
# yarn lockfile v1


"@most/disposable@1.2.0":
  version "1.2.0"
  resolved "https://registry.yarnpkg.com/@most/disposable/-/disposable-1.2.0.tgz#cd71368be72cac45420b4ed71f654e5699fd1af0"
  dependencies:
    "@most/prelude" "^1.7.1"
    "@most/types" "^1.0.0"

"@most/prelude@^1.7.1":
  version "1.7.1"
  resolved "https://registry.yarnpkg.com/@most/prelude/-/prelude-1.7.1.tgz#7c70ab6a68bb20481db51ebfbba23fceb502d239"

"@most/types@1.0.0", "@most/types@^1.0.0":
  version "1.0.0"
  resolved "https://registry.yarnpkg.com/@most/types/-/types-1.0.0.tgz#5c301d2437342a1b82e38463fdb94e1bafe2c6d9"
