# THIS IS AN AUTOGENERATED FILE. DO NOT EDIT THIS FILE DIRECTLY.
# yarn lockfile v1


"@most/multicast@^1.2.5":
  version "1.2.5"
  resolved "https://registry.yarnpkg.com/@most/multicast/-/multicast-1.2.5.tgz#ba5abc997f9a6511094bec117914f4959720a8fb"
  dependencies:
    "@most/prelude" "^1.4.0"

"@most/prelude@^1.4.0":
  version "1.4.1"
  resolved "https://registry.yarnpkg.com/@most/prelude/-/prelude-1.4.1.tgz#b940b5563096f27637401618a5351f42466ea8f3"

"@typed/compose@latest":
  version "1.0.0"
  resolved "https://registry.yarnpkg.com/@typed/compose/-/compose-1.0.0.tgz#e4e5fc7132b84c701acb5346a361da28fad63081"

"@typed/curry@^1.0.1", "@typed/curry@latest":
  version "1.0.1"
  resolved "https://registry.yarnpkg.com/@typed/curry/-/curry-1.0.1.tgz#555d4624b0cbf09e101945326d3bb9ffcaba3655"

"@typed/filter@latest":
  version "1.0.0"
  resolved "https://registry.yarnpkg.com/@typed/filter/-/filter-1.0.0.tgz#c10aaaac315da6da65e5536e464e882095a3e4bc"
  dependencies:
    "@typed/curry" "^1.0.1"
    "@typed/is-array-like" "^1.0.0"
    "@typed/is-stream" "^1.0.1"
    most "^1.1.1"

"@typed/is-array-like@^1.0.0", "@typed/is-array-like@latest":
  version "1.0.0"
  resolved "https://registry.yarnpkg.com/@typed/is-array-like/-/is-array-like-1.0.0.tgz#6a1085d8630ee7819125cfdf290a094abf0d3f95"

"@typed/is-promise@latest":
  version "1.0.0"
  resolved "https://registry.yarnpkg.com/@typed/is-promise/-/is-promise-1.0.0.tgz#12eaf3866056321f81325db6e35206f136737683"

"@typed/is-stream@^1.0.1", "@typed/is-stream@latest":
  version "1.0.1"
  resolved "https://registry.yarnpkg.com/@typed/is-stream/-/is-stream-1.0.1.tgz#8cc33228d47e0ac5ddbbb4419248e85ef7c70386"
  dependencies:
    most "^1.1.1"

"@typed/map@latest":
  version "1.0.0"
  resolved "https://registry.yarnpkg.com/@typed/map/-/map-1.0.0.tgz#abc3534245169b677f12b03459cf56b49c885c99"
  dependencies:
    "@typed/curry" "^1.0.1"
    "@typed/is-array-like" "^1.0.0"
    "@typed/is-stream" "^1.0.1"
    most "^1.1.1"

most@^1.1.1:
  version "1.2.0"
  resolved "https://registry.yarnpkg.com/most/-/most-1.2.0.tgz#710d0a5ae740e48c675bc1feaeb5bc51740436f7"
  dependencies:
    "@most/multicast" "^1.2.5"
    "@most/prelude" "^1.4.0"
    symbol-observable "^1.0.2"

symbol-observable@^1.0.2:
  version "1.0.4"
  resolved "https://registry.yarnpkg.com/symbol-observable/-/symbol-observable-1.0.4.tgz#29bf615d4aa7121bdd898b22d4b3f9bc4e2aa03d"
