# THIS IS AN AUTOGENERATED FILE. DO NOT EDIT THIS FILE DIRECTLY.
# yarn lockfile v1


"@types/node@8.10.46":
  version "8.10.46"
  resolved "https://registry.yarnpkg.com/@types/node/-/node-8.10.46.tgz#12161db48a775e8c69c1cfff2be545610381056f"
  integrity sha512-PfnRbk836fFs9T9QnZh0G1k9oC6YXCqIK3LX6vU/6oiXtEBSFCiJFj6UnLZtqIIHTsgMn8Dojq3yhmpwY7QWcw==
