# THIS IS AN AUTOGENERATED FILE. DO NOT EDIT THIS FILE DIRECTLY.
# yarn lockfile v1


"@types/node@11.13.7":
  version "11.13.7"
  resolved "https://registry.yarnpkg.com/@types/node/-/node-11.13.7.tgz#85dbb71c510442d00c0631f99dae957ce44fd104"
  integrity sha512-suFHr6hcA9mp8vFrZTgrmqW2ZU3mbWsryQtQlY/QvwTISCw7nw/j+bCQPPohqmskhmqa5wLNuMHTTsc+xf1MQg==
